{
  "object": {
    "pins": [
      {
        "package": "combine-schedulers",
        "repositoryURL": "https://github.com/pointfreeco/combine-schedulers",
        "state": {
          "branch": null,
          "revision": "4cf088c29a20f52be0f2ca54992b492c54e0076b",
          "version": "0.5.3"
        }
      },
      {
        "package": "CwlCatchException",
        "repositoryURL": "https://github.com/mattgallagher/CwlCatchException.git",
        "state": {
          "branch": null,
          "revision": "35f9e770f54ce62dd8526470f14c6e137cef3eea",
          "version": "2.1.1"
        }
      },
      {
        "package": "CwlPreconditionTesting",
        "repositoryURL": "https://github.com/mattgallagher/CwlPreconditionTesting.git",
        "state": {
          "branch": null,
          "revision": "c21f7bab5ca8eee0a9998bbd17ca1d0eb45d4688",
          "version": "2.1.0"
        }
      },
      {
        "package": "Mobius",
        "repositoryURL": "https://github.com/spotify/Mobius.swift.git",
        "state": {
          "branch": null,
          "revision": "c2f958ff9122ad8a497b8f66ba4672da9ad1f834",
          "version": "0.5.0"
        }
      },
      {
        "package": "Nimble",
        "repositoryURL": "https://github.com/Quick/Nimble",
        "state": {
          "branch": null,
          "revision": "c93f16c25af5770f0d3e6af27c9634640946b068",
          "version": "9.2.1"
        }
      },
      {
        "package": "OneWay",
        "repositoryURL": "https://github.com/DevYeom/OneWay",
        "state": {
          "branch": null,
          "revision": "bf7aaebc909ab3c2e71bc2d9da1ce5cf7546c7a6",
          "version": "0.4.1"
        }
      },
      {
        "package": "Quick",
        "repositoryURL": "https://github.com/Quick/Quick",
        "state": {
          "branch": null,
          "revision": "bd86ca0141e3cfb333546de5a11ede63f0c4a0e6",
          "version": "4.0.0"
        }
      },
      {
        "package": "ReactorKit",
        "repositoryURL": "https://github.com/ReactorKit/ReactorKit.git",
        "state": {
          "branch": null,
          "revision": "8fa33f09c6f6621a2aa536d739956d53b84dd139",
          "version": "3.2.0"
        }
      },
      {
        "package": "ReSwift",
        "repositoryURL": "https://github.com/ReSwift/ReSwift.git",
        "state": {
          "branch": null,
          "revision": "96146a29f394ae4c79be025fcec194e5b0d9c3b6",
          "version": "6.1.0"
        }
      },
      {
        "package": "RxSwift",
        "repositoryURL": "https://github.com/ReactiveX/RxSwift.git",
        "state": {
          "branch": null,
          "revision": "b4307ba0b6425c0ba4178e138799946c3da594f8",
          "version": "6.5.0"
        }
      },
      {
        "package": "swift-case-paths",
        "repositoryURL": "https://github.com/pointfreeco/swift-case-paths",
        "state": {
          "branch": null,
          "revision": "b4a872984463070c71e2e97e5c02c73a07d0fe36",
          "version": "0.9.0"
        }
      },
      {
        "package": "swift-collections",
        "repositoryURL": "https://github.com/apple/swift-collections",
        "state": {
          "branch": null,
          "revision": "48254824bb4248676bf7ce56014ff57b142b77eb",
          "version": "1.0.2"
        }
      },
      {
        "package": "swift-composable-architecture",
        "repositoryURL": "https://github.com/pointfreeco/swift-composable-architecture.git",
        "state": {
          "branch": null,
          "revision": "cfcf8b43adc7d521a8ed26992d7ad8b979d386d2",
          "version": "0.37.0"
        }
      },
      {
        "package": "swift-custom-dump",
        "repositoryURL": "https://github.com/pointfreeco/swift-custom-dump",
        "state": {
          "branch": null,
          "revision": "21ec1d717c07cea5a026979cb0471dd95c7087e7",
          "version": "0.5.0"
        }
      },
      {
        "package": "swift-identified-collections",
        "repositoryURL": "https://github.com/pointfreeco/swift-identified-collections",
        "state": {
          "branch": null,
          "revision": "2d6b7ffcc67afd9077fac5e5a29bcd6d39b71076",
          "version": "0.4.0"
        }
      },
      {
        "package": "WeakMapTable",
        "repositoryURL": "https://github.com/ReactorKit/WeakMapTable.git",
        "state": {
          "branch": null,
          "revision": "cb05d64cef2bbf51e85c53adee937df46540a74e",
          "version": "1.2.1"
        }
      },
      {
        "package": "xctest-dynamic-overlay",
        "repositoryURL": "https://github.com/pointfreeco/xctest-dynamic-overlay",
        "state": {
          "branch": null,
          "revision": "50a70a9d3583fe228ce672e8923010c8df2deddd",
          "version": "0.2.1"
        }
      }
    ]
  },
  "version": 1
}
